{
  "name": "todo-app",
  "version": "1.0.0",
  "lockfileVersion": 1,
  "requires": true,
  "dependencies": {
    "@odoo/owl": {
      "version": "2.5.0",
      "resolved": "https://registry.npmjs.org/@odoo/owl/-/owl-2.5.0.tgz",
      "integrity": "sha512-UO7V1rOmfCbWzRDOPPB2p7ELqGmQQ48dk4ZdV7aYHhp8k5ZycjkSt2EXkuuBLpeSgYzPkWKBoVlBBB9fZqkBgQ=="
    }
  }
}
